
Microsoft Visual Studio Solution File, Format Version 12.00
# Visual Studio Version 17
VisualStudioVersion = 17.0.31903.59
MinimumVisualStudioVersion = 10.0.40219.1
Project("{2150E333-8FDC-42A3-9474-1A3956D46DE8}") = "Test", "Test", "{C05A117E-38AA-482F-A903-4B4C30C762DE}"
EndProject
Project("{2150E333-8FDC-42A3-9474-1A3956D46DE8}") = "src", "src", "{3B67002F-3230-4F4B-A6F0-72B7F601441E}"
EndProject
Project("{FAE04EC0-301F-11D3-BF4B-00C04F79EFBC}") = "Units.Api", "src\Units.Api\Units.Api.csproj", "{D732293D-EC70-4D29-B442-1962B1429F8D}"
EndProject
Project("{FAE04EC0-301F-11D3-BF4B-00C04F79EFBC}") = "Units.Application", "src\Units.Application\Units.Application.csproj", "{8CDD7F58-C344-4372-8D3D-84BF6ABAA54D}"
EndProject
Project("{FAE04EC0-301F-11D3-BF4B-00C04F79EFBC}") = "Units.Core", "src\Units.Core\Units.Core.csproj", "{966D2ADB-AC6B-404B-BADA-55B8EDCDD3E5}"
EndProject
Project("{FAE04EC0-301F-11D3-BF4B-00C04F79EFBC}") = "Units.Infrastructure", "src\Units.Infrastructure\Units.Infrastructure.csproj", "{75555CA1-8653-4EA9-9634-0F1499D28668}"
EndProject
Project("{FAE04EC0-301F-11D3-BF4B-00C04F79EFBC}") = "IntegrationTests", "Test\IntegrationTests\IntegrationTests.csproj", "{334689C4-B3F3-4A44-A67C-95A178AEF802}"
EndProject
Global
	GlobalSection(SolutionConfigurationPlatforms) = preSolution
		Debug|Any CPU = Debug|Any CPU
		Release|Any CPU = Release|Any CPU
	EndGlobalSection
	GlobalSection(SolutionProperties) = preSolution
		HideSolutionNode = FALSE
	EndGlobalSection
	GlobalSection(ProjectConfigurationPlatforms) = postSolution
		{D732293D-EC70-4D29-B442-1962B1429F8D}.Debug|Any CPU.ActiveCfg = Debug|Any CPU
		{D732293D-EC70-4D29-B442-1962B1429F8D}.Debug|Any CPU.Build.0 = Debug|Any CPU
		{D732293D-EC70-4D29-B442-1962B1429F8D}.Release|Any CPU.ActiveCfg = Release|Any CPU
		{D732293D-EC70-4D29-B442-1962B1429F8D}.Release|Any CPU.Build.0 = Release|Any CPU
		{8CDD7F58-C344-4372-8D3D-84BF6ABAA54D}.Debug|Any CPU.ActiveCfg = Debug|Any CPU
		{8CDD7F58-C344-4372-8D3D-84BF6ABAA54D}.Debug|Any CPU.Build.0 = Debug|Any CPU
		{8CDD7F58-C344-4372-8D3D-84BF6ABAA54D}.Release|Any CPU.ActiveCfg = Release|Any CPU
		{8CDD7F58-C344-4372-8D3D-84BF6ABAA54D}.Release|Any CPU.Build.0 = Release|Any CPU
		{966D2ADB-AC6B-404B-BADA-55B8EDCDD3E5}.Debug|Any CPU.ActiveCfg = Debug|Any CPU
		{966D2ADB-AC6B-404B-BADA-55B8EDCDD3E5}.Debug|Any CPU.Build.0 = Debug|Any CPU
		{966D2ADB-AC6B-404B-BADA-55B8EDCDD3E5}.Release|Any CPU.ActiveCfg = Release|Any CPU
		{966D2ADB-AC6B-404B-BADA-55B8EDCDD3E5}.Release|Any CPU.Build.0 = Release|Any CPU
		{75555CA1-8653-4EA9-9634-0F1499D28668}.Debug|Any CPU.ActiveCfg = Debug|Any CPU
		{75555CA1-8653-4EA9-9634-0F1499D28668}.Debug|Any CPU.Build.0 = Debug|Any CPU
		{75555CA1-8653-4EA9-9634-0F1499D28668}.Release|Any CPU.ActiveCfg = Release|Any CPU
		{75555CA1-8653-4EA9-9634-0F1499D28668}.Release|Any CPU.Build.0 = Release|Any CPU
		{334689C4-B3F3-4A44-A67C-95A178AEF802}.Debug|Any CPU.ActiveCfg = Debug|Any CPU
		{334689C4-B3F3-4A44-A67C-95A178AEF802}.Debug|Any CPU.Build.0 = Debug|Any CPU
		{334689C4-B3F3-4A44-A67C-95A178AEF802}.Release|Any CPU.ActiveCfg = Release|Any CPU
		{334689C4-B3F3-4A44-A67C-95A178AEF802}.Release|Any CPU.Build.0 = Release|Any CPU
	EndGlobalSection
	GlobalSection(NestedProjects) = preSolution
		{D732293D-EC70-4D29-B442-1962B1429F8D} = {3B67002F-3230-4F4B-A6F0-72B7F601441E}
		{8CDD7F58-C344-4372-8D3D-84BF6ABAA54D} = {3B67002F-3230-4F4B-A6F0-72B7F601441E}
		{966D2ADB-AC6B-404B-BADA-55B8EDCDD3E5} = {3B67002F-3230-4F4B-A6F0-72B7F601441E}
		{75555CA1-8653-4EA9-9634-0F1499D28668} = {3B67002F-3230-4F4B-A6F0-72B7F601441E}
		{334689C4-B3F3-4A44-A67C-95A178AEF802} = {C05A117E-38AA-482F-A903-4B4C30C762DE}
	EndGlobalSection
EndGlobal
